PODS:
  - FlutterMacOS (1.0.0)
  - scard_watcher (0.0.1):
    - FlutterMacOS

DEPENDENCIES:
  - FlutterMacOS (from `Flutter/ephemeral`)
  - scard_watcher (from `Flutter/ephemeral/.symlinks/plugins/scard_watcher/macos`)

EXTERNAL SOURCES:
  FlutterMacOS:
    :path: Flutter/ephemeral
  scard_watcher:
    :path: Flutter/ephemeral/.symlinks/plugins/scard_watcher/macos

SPEC CHECKSUMS:
  FlutterMacOS: 8f6f14fa908a6fb3fba0cd85dbd81ec4b251fb24
  scard_watcher: f63e67429ffd65c0577c8ab670b6082b27432c1c

PODFILE CHECKSUM: f0c21717cb7ee9112f915044c74bfceb5b12e02a

COCOAPODS: 1.15.2
